
Microsoft Visual Studio Solution File, Format Version 12.00
# Visual Studio 2012
Project("{FAE04EC0-301F-11D3-BF4B-00C04F79EFBC}") = "GetActorsIDs", "GetActorsIDs\GetActorsIDs.csproj", "{B5B90C3D-B39E-4216-B065-C2F26CD812DF}"
EndProject
Global
	GlobalSection(SolutionConfigurationPlatforms) = preSolution
		Debug|Any CPU = Debug|Any CPU
		Release|Any CPU = Release|Any CPU
	EndGlobalSection
	GlobalSection(ProjectConfigurationPlatforms) = postSolution
		{B5B90C3D-B39E-4216-B065-C2F26CD812DF}.Debug|Any CPU.ActiveCfg = Debug|Any CPU
		{B5B90C3D-B39E-4216-B065-C2F26CD812DF}.Debug|Any CPU.Build.0 = Debug|Any CPU
		{B5B90C3D-B39E-4216-B065-C2F26CD812DF}.Release|Any CPU.ActiveCfg = Release|Any CPU
		{B5B90C3D-B39E-4216-B065-C2F26CD812DF}.Release|Any CPU.Build.0 = Release|Any CPU
	EndGlobalSection
	GlobalSection(SolutionProperties) = preSolution
		HideSolutionNode = FALSE
	EndGlobalSection
EndGlobal
